// !$*UTF8*$!
{
	archiveVersion = 1;
	classes = {
	};
	objectVersion = 46;
	objects = {

/* Begin PBXBuildFile section */
		3012BB102326822F00FA2BB2 /* MLNNavigatorHandler.m in Sources */ = {isa = PBXBuildFile; fileRef = 3012BB0F2326822F00FA2BB2 /* MLNNavigatorHandler.m */; };
		30A4EB55231CBF7900995416 /* moment in Resources */ = {isa = PBXBuildFile; fileRef = 30A4EB54231CBF7800995416 /* moment */; };
		30A4EB5A231CC5CD00995416 /* MLNMyHttpHandler.m in Sources */ = {isa = PBXBuildFile; fileRef = 30A4EB59231CC5CD00995416 /* MLNMyHttpHandler.m */; };
		30A4EB5D231CC86B00995416 /* MLNMyImageHandler.m in Sources */ = {isa = PBXBuildFile; fileRef = 30A4EB5C231CC86B00995416 /* MLNMyImageHandler.m */; };
		30A4EB60231CD75200995416 /* MLNMyRefreshHandler.m in Sources */ = {isa = PBXBuildFile; fileRef = 30A4EB5F231CD75200995416 /* MLNMyRefreshHandler.m */; };
		30A4EB6D231F4FD400995416 /* MLNTestMe+Test.m in Sources */ = {isa = PBXBuildFile; fileRef = 30A4EB6C231F4FD400995416 /* MLNTestMe+Test.m */; };
		30CB3BF923684B7F00AB90C6 /* MLNDevTool.podspec in Resources */ = {isa = PBXBuildFile; fileRef = 30CB3BF823684B7F00AB90C6 /* MLNDevTool.podspec */; };
		30CB3BFB23684CD400AB90C6 /* MLN.podspec in Resources */ = {isa = PBXBuildFile; fileRef = 30CB3BFA23684CD400AB90C6 /* MLN.podspec */; };
		30E24E9322F3D74A00A0E78C /* MLNTestMe.m in Sources */ = {isa = PBXBuildFile; fileRef = 30E24E8B22F3D74900A0E78C /* MLNTestMe.m */; };
		30E24E9422F3D74A00A0E78C /* MLNGlobalFuncTest.m in Sources */ = {isa = PBXBuildFile; fileRef = 30E24E8D22F3D74900A0E78C /* MLNGlobalFuncTest.m */; };
		30E24E9522F3D74A00A0E78C /* MLNStaticTest.m in Sources */ = {isa = PBXBuildFile; fileRef = 30E24E8E22F3D74900A0E78C /* MLNStaticTest.m */; };
		30E24E9622F3D74A00A0E78C /* MLNGlobalVarTest.m in Sources */ = {isa = PBXBuildFile; fileRef = 30E24E9022F3D74900A0E78C /* MLNGlobalVarTest.m */; };
		6003F58E195388D20070C39A /* Foundation.framework in Frameworks */ = {isa = PBXBuildFile; fileRef = 6003F58D195388D20070C39A /* Foundation.framework */; };
		6003F590195388D20070C39A /* CoreGraphics.framework in Frameworks */ = {isa = PBXBuildFile; fileRef = 6003F58F195388D20070C39A /* CoreGraphics.framework */; };
		6003F592195388D20070C39A /* UIKit.framework in Frameworks */ = {isa = PBXBuildFile; fileRef = 6003F591195388D20070C39A /* UIKit.framework */; };
		6003F598195388D20070C39A /* InfoPlist.strings in Resources */ = {isa = PBXBuildFile; fileRef = 6003F596195388D20070C39A /* InfoPlist.strings */; };
		6003F59A195388D20070C39A /* main.m in Sources */ = {isa = PBXBuildFile; fileRef = 6003F599195388D20070C39A /* main.m */; };
		6003F59E195388D20070C39A /* MLNAppDelegate.m in Sources */ = {isa = PBXBuildFile; fileRef = 6003F59D195388D20070C39A /* MLNAppDelegate.m */; };
		6003F5A7195388D20070C39A /* MLNViewController.m in Sources */ = {isa = PBXBuildFile; fileRef = 6003F5A6195388D20070C39A /* MLNViewController.m */; };
		6003F5A9195388D20070C39A /* Images.xcassets in Resources */ = {isa = PBXBuildFile; fileRef = 6003F5A8195388D20070C39A /* Images.xcassets */; };
		6003F5B0195388D20070C39A /* XCTest.framework in Frameworks */ = {isa = PBXBuildFile; fileRef = 6003F5AF195388D20070C39A /* XCTest.framework */; };
		6003F5B1195388D20070C39A /* Foundation.framework in Frameworks */ = {isa = PBXBuildFile; fileRef = 6003F58D195388D20070C39A /* Foundation.framework */; };
		6003F5B2195388D20070C39A /* UIKit.framework in Frameworks */ = {isa = PBXBuildFile; fileRef = 6003F591195388D20070C39A /* UIKit.framework */; };
		6003F5BA195388D20070C39A /* InfoPlist.strings in Resources */ = {isa = PBXBuildFile; fileRef = 6003F5B8195388D20070C39A /* InfoPlist.strings */; };
		6003F5BC195388D20070C39A /* Tests.m in Sources */ = {isa = PBXBuildFile; fileRef = 6003F5BB195388D20070C39A /* Tests.m */; };
		71719F9F1E33DC2100824A3D /* LaunchScreen.storyboard in Resources */ = {isa = PBXBuildFile; fileRef = 71719F9D1E33DC2100824A3D /* LaunchScreen.storyboard */; };
		873B8AEB1B1F5CCA007FD442 /* Main.storyboard in Resources */ = {isa = PBXBuildFile; fileRef = 873B8AEA1B1F5CCA007FD442 /* Main.storyboard */; };
		8C5463BE1E8D8BA958F828ED /* libPods-MLN_Tests.a in Frameworks */ = {isa = PBXBuildFile; fileRef = A6E2454F7DDA4338383073BC /* libPods-MLN_Tests.a */; };
		A94791C5348E1F8459BDC83E /* libPods-MLN_Example.a in Frameworks */ = {isa = PBXBuildFile; fileRef = F449C1D4FDA5182F0D579269 /* libPods-MLN_Example.a */; };
		B2D0AB85236C1F0A00B1D349 /* gallery in Resources */ = {isa = PBXBuildFile; fileRef = B2D0AB84236C1F0A00B1D349 /* gallery */; };
/* End PBXBuildFile section */

/* Begin PBXContainerItemProxy section */
		6003F5B3195388D20070C39A /* PBXContainerItemProxy */ = {
			isa = PBXContainerItemProxy;
			containerPortal = 6003F582195388D10070C39A /* Project object */;
			proxyType = 1;
			remoteGlobalIDString = 6003F589195388D20070C39A;
			remoteInfo = MLN;
		};
/* End PBXContainerItemProxy section */

/* Begin PBXFileReference section */
		0BFEA11F75FC7C356E75DFD6 /* Pods-MLN_Example.release.xcconfig */ = {isa = PBXFileReference; includeInIndex = 1; lastKnownFileType = text.xcconfig; name = "Pods-MLN_Example.release.xcconfig"; path = "Target Support Files/Pods-MLN_Example/Pods-MLN_Example.release.xcconfig"; sourceTree = "<group>"; };
		1018AD05C0E113C32A1AD38C /* README.md */ = {isa = PBXFileReference; includeInIndex = 1; lastKnownFileType = net.daringfireball.markdown; name = README.md; path = ../README.md; sourceTree = "<group>"; };
		3012BB0E2326822F00FA2BB2 /* MLNNavigatorHandler.h */ = {isa = PBXFileReference; lastKnownFileType = sourcecode.c.h; path = MLNNavigatorHandler.h; sourceTree = "<group>"; };
		3012BB0F2326822F00FA2BB2 /* MLNNavigatorHandler.m */ = {isa = PBXFileReference; lastKnownFileType = sourcecode.c.objc; path = MLNNavigatorHandler.m; sourceTree = "<group>"; };
		30A4EB54231CBF7800995416 /* moment */ = {isa = PBXFileReference; lastKnownFileType = folder; path = moment; sourceTree = "<group>"; };
		30A4EB58231CC5CD00995416 /* MLNMyHttpHandler.h */ = {isa = PBXFileReference; lastKnownFileType = sourcecode.c.h; path = MLNMyHttpHandler.h; sourceTree = "<group>"; };
		30A4EB59231CC5CD00995416 /* MLNMyHttpHandler.m */ = {isa = PBXFileReference; lastKnownFileType = sourcecode.c.objc; path = MLNMyHttpHandler.m; sourceTree = "<group>"; };
		30A4EB5B231CC86B00995416 /* MLNMyImageHandler.h */ = {isa = PBXFileReference; lastKnownFileType = sourcecode.c.h; path = MLNMyImageHandler.h; sourceTree = "<group>"; };
		30A4EB5C231CC86B00995416 /* MLNMyImageHandler.m */ = {isa = PBXFileReference; lastKnownFileType = sourcecode.c.objc; path = MLNMyImageHandler.m; sourceTree = "<group>"; };
		30A4EB5E231CD75200995416 /* MLNMyRefreshHandler.h */ = {isa = PBXFileReference; lastKnownFileType = sourcecode.c.h; path = MLNMyRefreshHandler.h; sourceTree = "<group>"; };
		30A4EB5F231CD75200995416 /* MLNMyRefreshHandler.m */ = {isa = PBXFileReference; lastKnownFileType = sourcecode.c.objc; path = MLNMyRefreshHandler.m; sourceTree = "<group>"; };
		30A4EB6B231F4FD400995416 /* MLNTestMe+Test.h */ = {isa = PBXFileReference; lastKnownFileType = sourcecode.c.h; path = "MLNTestMe+Test.h"; sourceTree = "<group>"; };
		30A4EB6C231F4FD400995416 /* MLNTestMe+Test.m */ = {isa = PBXFileReference; lastKnownFileType = sourcecode.c.objc; path = "MLNTestMe+Test.m"; sourceTree = "<group>"; };
		30CB3BF823684B7F00AB90C6 /* MLNDevTool.podspec */ = {isa = PBXFileReference; fileEncoding = 4; lastKnownFileType = text; name = MLNDevTool.podspec; path = ../../MLNDevTool.podspec; sourceTree = "<group>"; };
		30CB3BFA23684CD400AB90C6 /* MLN.podspec */ = {isa = PBXFileReference; fileEncoding = 4; lastKnownFileType = text; name = MLN.podspec; path = ../../MLN.podspec; sourceTree = "<group>"; };
		30E24E8B22F3D74900A0E78C /* MLNTestMe.m */ = {isa = PBXFileReference; fileEncoding = 4; lastKnownFileType = sourcecode.c.objc; path = MLNTestMe.m; sourceTree = "<group>"; };
		30E24E8C22F3D74900A0E78C /* MLNGlobalFuncTest.h */ = {isa = PBXFileReference; fileEncoding = 4; lastKnownFileType = sourcecode.c.h; path = MLNGlobalFuncTest.h; sourceTree = "<group>"; };
		30E24E8D22F3D74900A0E78C /* MLNGlobalFuncTest.m */ = {isa = PBXFileReference; fileEncoding = 4; lastKnownFileType = sourcecode.c.objc; path = MLNGlobalFuncTest.m; sourceTree = "<group>"; };
		30E24E8E22F3D74900A0E78C /* MLNStaticTest.m */ = {isa = PBXFileReference; fileEncoding = 4; lastKnownFileType = sourcecode.c.objc; path = MLNStaticTest.m; sourceTree = "<group>"; };
		30E24E8F22F3D74900A0E78C /* MLNStaticTest.h */ = {isa = PBXFileReference; fileEncoding = 4; lastKnownFileType = sourcecode.c.h; path = MLNStaticTest.h; sourceTree = "<group>"; };
		30E24E9022F3D74900A0E78C /* MLNGlobalVarTest.m */ = {isa = PBXFileReference; fileEncoding = 4; lastKnownFileType = sourcecode.c.objc; path = MLNGlobalVarTest.m; sourceTree = "<group>"; };
		30E24E9122F3D74900A0E78C /* MLNTestMe.h */ = {isa = PBXFileReference; fileEncoding = 4; lastKnownFileType = sourcecode.c.h; path = MLNTestMe.h; sourceTree = "<group>"; };
		30E24E9222F3D74900A0E78C /* MLNGlobalVarTest.h */ = {isa = PBXFileReference; fileEncoding = 4; lastKnownFileType = sourcecode.c.h; path = MLNGlobalVarTest.h; sourceTree = "<group>"; };
		6003F58A195388D20070C39A /* MLN_Example.app */ = {isa = PBXFileReference; explicitFileType = wrapper.application; includeInIndex = 0; path = MLN_Example.app; sourceTree = BUILT_PRODUCTS_DIR; };
		6003F58D195388D20070C39A /* Foundation.framework */ = {isa = PBXFileReference; lastKnownFileType = wrapper.framework; name = Foundation.framework; path = System/Library/Frameworks/Foundation.framework; sourceTree = SDKROOT; };
		6003F58F195388D20070C39A /* CoreGraphics.framework */ = {isa = PBXFileReference; lastKnownFileType = wrapper.framework; name = CoreGraphics.framework; path = System/Library/Frameworks/CoreGraphics.framework; sourceTree = SDKROOT; };
		6003F591195388D20070C39A /* UIKit.framework */ = {isa = PBXFileReference; lastKnownFileType = wrapper.framework; name = UIKit.framework; path = System/Library/Frameworks/UIKit.framework; sourceTree = SDKROOT; };
		6003F595195388D20070C39A /* MLN-Info.plist */ = {isa = PBXFileReference; lastKnownFileType = text.plist.xml; path = "MLN-Info.plist"; sourceTree = "<group>"; };
		6003F597195388D20070C39A /* en */ = {isa = PBXFileReference; lastKnownFileType = text.plist.strings; name = en; path = en.lproj/InfoPlist.strings; sourceTree = "<group>"; };
		6003F599195388D20070C39A /* main.m */ = {isa = PBXFileReference; lastKnownFileType = sourcecode.c.objc; path = main.m; sourceTree = "<group>"; };
		6003F59B195388D20070C39A /* MLN-Prefix.pch */ = {isa = PBXFileReference; lastKnownFileType = sourcecode.c.h; path = "MLN-Prefix.pch"; sourceTree = "<group>"; };
		6003F59C195388D20070C39A /* MLNAppDelegate.h */ = {isa = PBXFileReference; lastKnownFileType = sourcecode.c.h; path = MLNAppDelegate.h; sourceTree = "<group>"; };
		6003F59D195388D20070C39A /* MLNAppDelegate.m */ = {isa = PBXFileReference; lastKnownFileType = sourcecode.c.objc; path = MLNAppDelegate.m; sourceTree = "<group>"; };
		6003F5A5195388D20070C39A /* MLNViewController.h */ = {isa = PBXFileReference; lastKnownFileType = sourcecode.c.h; path = MLNViewController.h; sourceTree = "<group>"; };
		6003F5A6195388D20070C39A /* MLNViewController.m */ = {isa = PBXFileReference; lastKnownFileType = sourcecode.c.objc; path = MLNViewController.m; sourceTree = "<group>"; };
		6003F5A8195388D20070C39A /* Images.xcassets */ = {isa = PBXFileReference; lastKnownFileType = folder.assetcatalog; path = Images.xcassets; sourceTree = "<group>"; };
		6003F5AE195388D20070C39A /* MLN_Tests.xctest */ = {isa = PBXFileReference; explicitFileType = wrapper.cfbundle; includeInIndex = 0; path = MLN_Tests.xctest; sourceTree = BUILT_PRODUCTS_DIR; };
		6003F5AF195388D20070C39A /* XCTest.framework */ = {isa = PBXFileReference; lastKnownFileType = wrapper.framework; name = XCTest.framework; path = Library/Frameworks/XCTest.framework; sourceTree = DEVELOPER_DIR; };
		6003F5B7195388D20070C39A /* Tests-Info.plist */ = {isa = PBXFileReference; lastKnownFileType = text.plist.xml; path = "Tests-Info.plist"; sourceTree = "<group>"; };
		6003F5B9195388D20070C39A /* en */ = {isa = PBXFileReference; lastKnownFileType = text.plist.strings; name = en; path = en.lproj/InfoPlist.strings; sourceTree = "<group>"; };
		6003F5BB195388D20070C39A /* Tests.m */ = {isa = PBXFileReference; lastKnownFileType = sourcecode.c.objc; path = Tests.m; sourceTree = "<group>"; };
		606FC2411953D9B200FFA9A0 /* Tests-Prefix.pch */ = {isa = PBXFileReference; lastKnownFileType = sourcecode.c.h; path = "Tests-Prefix.pch"; sourceTree = "<group>"; };
		614D6372A3D812E53BAA054F /* Pods-MLN_Tests.release.xcconfig */ = {isa = PBXFileReference; includeInIndex = 1; lastKnownFileType = text.xcconfig; name = "Pods-MLN_Tests.release.xcconfig"; path = "Target Support Files/Pods-MLN_Tests/Pods-MLN_Tests.release.xcconfig"; sourceTree = "<group>"; };
		6ABC029A38FCC0A39C207FA6 /* Pods-MLN_Tests.debug.xcconfig */ = {isa = PBXFileReference; includeInIndex = 1; lastKnownFileType = text.xcconfig; name = "Pods-MLN_Tests.debug.xcconfig"; path = "Target Support Files/Pods-MLN_Tests/Pods-MLN_Tests.debug.xcconfig"; sourceTree = "<group>"; };
		71719F9E1E33DC2100824A3D /* Base */ = {isa = PBXFileReference; lastKnownFileType = file.storyboard; name = Base; path = Base.lproj/LaunchScreen.storyboard; sourceTree = "<group>"; };
		873B8AEA1B1F5CCA007FD442 /* Main.storyboard */ = {isa = PBXFileReference; fileEncoding = 4; lastKnownFileType = file.storyboard; name = Main.storyboard; path = Base.lproj/Main.storyboard; sourceTree = "<group>"; };
		A6E2454F7DDA4338383073BC /* libPods-MLN_Tests.a */ = {isa = PBXFileReference; explicitFileType = archive.ar; includeInIndex = 0; path = "libPods-MLN_Tests.a"; sourceTree = BUILT_PRODUCTS_DIR; };
		B2D0AB84236C1F0A00B1D349 /* gallery */ = {isa = PBXFileReference; lastKnownFileType = folder; path = gallery; sourceTree = "<group>"; };
		C0FB2CAC8F9592C3092ACF62 /* LICENSE */ = {isa = PBXFileReference; includeInIndex = 1; lastKnownFileType = text; name = LICENSE; path = ../LICENSE; sourceTree = "<group>"; };
		F236AA5C6B666135B994F09B /* Pods-MLN_Example.debug.xcconfig */ = {isa = PBXFileReference; includeInIndex = 1; lastKnownFileType = text.xcconfig; name = "Pods-MLN_Example.debug.xcconfig"; path = "Target Support Files/Pods-MLN_Example/Pods-MLN_Example.debug.xcconfig"; sourceTree = "<group>"; };
		F449C1D4FDA5182F0D579269 /* libPods-MLN_Example.a */ = {isa = PBXFileReference; explicitFileType = archive.ar; includeInIndex = 0; path = "libPods-MLN_Example.a"; sourceTree = BUILT_PRODUCTS_DIR; };
/* End PBXFileReference section */

/* Begin PBXFrameworksBuildPhase section */
		6003F587195388D20070C39A /* Frameworks */ = {
			isa = PBXFrameworksBuildPhase;
			buildActionMask = 2147483647;
			files = (
				6003F590195388D20070C39A /* CoreGraphics.framework in Frameworks */,
				6003F592195388D20070C39A /* UIKit.framework in Frameworks */,
				6003F58E195388D20070C39A /* Foundation.framework in Frameworks */,
				A94791C5348E1F8459BDC83E /* libPods-MLN_Example.a in Frameworks */,
			);
			runOnlyForDeploymentPostprocessing = 0;
		};
		6003F5AB195388D20070C39A /* Frameworks */ = {
			isa = PBXFrameworksBuildPhase;
			buildActionMask = 2147483647;
			files = (
				6003F5B0195388D20070C39A /* XCTest.framework in Frameworks */,
				6003F5B2195388D20070C39A /* UIKit.framework in Frameworks */,
				6003F5B1195388D20070C39A /* Foundation.framework in Frameworks */,
				8C5463BE1E8D8BA958F828ED /* libPods-MLN_Tests.a in Frameworks */,
			);
			runOnlyForDeploymentPostprocessing = 0;
		};
/* End PBXFrameworksBuildPhase section */

/* Begin PBXGroup section */
		4DADC4E2A37EF6A986E99F07 /* Pods */ = {
			isa = PBXGroup;
			children = (
				F236AA5C6B666135B994F09B /* Pods-MLN_Example.debug.xcconfig */,
				0BFEA11F75FC7C356E75DFD6 /* Pods-MLN_Example.release.xcconfig */,
				6ABC029A38FCC0A39C207FA6 /* Pods-MLN_Tests.debug.xcconfig */,
				614D6372A3D812E53BAA054F /* Pods-MLN_Tests.release.xcconfig */,
			);
			path = Pods;
			sourceTree = "<group>";
		};
		6003F581195388D10070C39A = {
			isa = PBXGroup;
			children = (
				60FF7A9C1954A5C5007DD14C /* Podspec Metadata */,
				6003F593195388D20070C39A /* Example for MLN */,
				6003F5B5195388D20070C39A /* Tests */,
				6003F58C195388D20070C39A /* Frameworks */,
				6003F58B195388D20070C39A /* Products */,
				4DADC4E2A37EF6A986E99F07 /* Pods */,
			);
			sourceTree = "<group>";
		};
		6003F58B195388D20070C39A /* Products */ = {
			isa = PBXGroup;
			children = (
				6003F58A195388D20070C39A /* MLN_Example.app */,
				6003F5AE195388D20070C39A /* MLN_Tests.xctest */,
			);
			name = Products;
			sourceTree = "<group>";
		};
		6003F58C195388D20070C39A /* Frameworks */ = {
			isa = PBXGroup;
			children = (
				6003F58D195388D20070C39A /* Foundation.framework */,
				6003F58F195388D20070C39A /* CoreGraphics.framework */,
				6003F591195388D20070C39A /* UIKit.framework */,
				6003F5AF195388D20070C39A /* XCTest.framework */,
				F449C1D4FDA5182F0D579269 /* libPods-MLN_Example.a */,
				A6E2454F7DDA4338383073BC /* libPods-MLN_Tests.a */,
			);
			name = Frameworks;
			sourceTree = "<group>";
		};
		6003F593195388D20070C39A /* Example for MLN */ = {
			isa = PBXGroup;
			children = (
				B2D0AB84236C1F0A00B1D349 /* gallery */,
				30A4EB54231CBF7800995416 /* moment */,
				6003F59C195388D20070C39A /* MLNAppDelegate.h */,
				6003F59D195388D20070C39A /* MLNAppDelegate.m */,
				873B8AEA1B1F5CCA007FD442 /* Main.storyboard */,
				6003F5A5195388D20070C39A /* MLNViewController.h */,
				6003F5A6195388D20070C39A /* MLNViewController.m */,
				30E24E8C22F3D74900A0E78C /* MLNGlobalFuncTest.h */,
				30E24E8D22F3D74900A0E78C /* MLNGlobalFuncTest.m */,
				30E24E9222F3D74900A0E78C /* MLNGlobalVarTest.h */,
				30E24E9022F3D74900A0E78C /* MLNGlobalVarTest.m */,
				30E24E8F22F3D74900A0E78C /* MLNStaticTest.h */,
				30E24E8E22F3D74900A0E78C /* MLNStaticTest.m */,
				30E24E9122F3D74900A0E78C /* MLNTestMe.h */,
				30E24E8B22F3D74900A0E78C /* MLNTestMe.m */,
				30A4EB58231CC5CD00995416 /* MLNMyHttpHandler.h */,
				30A4EB59231CC5CD00995416 /* MLNMyHttpHandler.m */,
				30A4EB5E231CD75200995416 /* MLNMyRefreshHandler.h */,
				30A4EB5F231CD75200995416 /* MLNMyRefreshHandler.m */,
				30A4EB5B231CC86B00995416 /* MLNMyImageHandler.h */,
				30A4EB5C231CC86B00995416 /* MLNMyImageHandler.m */,
				3012BB0E2326822F00FA2BB2 /* MLNNavigatorHandler.h */,
				3012BB0F2326822F00FA2BB2 /* MLNNavigatorHandler.m */,
				30A4EB6B231F4FD400995416 /* MLNTestMe+Test.h */,
				30A4EB6C231F4FD400995416 /* MLNTestMe+Test.m */,
				71719F9D1E33DC2100824A3D /* LaunchScreen.storyboard */,
				6003F5A8195388D20070C39A /* Images.xcassets */,
				6003F594195388D20070C39A /* Supporting Files */,
			);
			name = "Example for MLN";
			path = MLN;
			sourceTree = "<group>";
		};
		6003F594195388D20070C39A /* Supporting Files */ = {
			isa = PBXGroup;
			children = (
				6003F595195388D20070C39A /* MLN-Info.plist */,
				6003F596195388D20070C39A /* InfoPlist.strings */,
				6003F599195388D20070C39A /* main.m */,
				6003F59B195388D20070C39A /* MLN-Prefix.pch */,
			);
			name = "Supporting Files";
			sourceTree = "<group>";
		};
		6003F5B5195388D20070C39A /* Tests */ = {
			isa = PBXGroup;
			children = (
				6003F5BB195388D20070C39A /* Tests.m */,
				6003F5B6195388D20070C39A /* Supporting Files */,
			);
			path = Tests;
			sourceTree = "<group>";
		};
		6003F5B6195388D20070C39A /* Supporting Files */ = {
			isa = PBXGroup;
			children = (
				6003F5B7195388D20070C39A /* Tests-Info.plist */,
				6003F5B8195388D20070C39A /* InfoPlist.strings */,
				606FC2411953D9B200FFA9A0 /* Tests-Prefix.pch */,
			);
			name = "Supporting Files";
			sourceTree = "<group>";
		};
		60FF7A9C1954A5C5007DD14C /* Podspec Metadata */ = {
			isa = PBXGroup;
			children = (
				30CB3BFA23684CD400AB90C6 /* MLN.podspec */,
				30CB3BF823684B7F00AB90C6 /* MLNDevTool.podspec */,
				1018AD05C0E113C32A1AD38C /* README.md */,
				C0FB2CAC8F9592C3092ACF62 /* LICENSE */,
			);
			name = "Podspec Metadata";
			sourceTree = "<group>";
		};
/* End PBXGroup section */

/* Begin PBXNativeTarget section */
		6003F589195388D20070C39A /* MLN_Example */ = {
			isa = PBXNativeTarget;
			buildConfigurationList = 6003F5BF195388D20070C39A /* Build configuration list for PBXNativeTarget "MLN_Example" */;
			buildPhases = (
				63C64F46C736492FFA2811DA /* [CP] Check Pods Manifest.lock */,
				6003F586195388D20070C39A /* Sources */,
				6003F587195388D20070C39A /* Frameworks */,
				6003F588195388D20070C39A /* Resources */,
				58850F41C2B4222942A33A73 /* [CP] Copy Pods Resources */,
			);
			buildRules = (
			);
			dependencies = (
			);
			name = MLN_Example;
			productName = MLN;
			productReference = 6003F58A195388D20070C39A /* MLN_Example.app */;
			productType = "com.apple.product-type.application";
		};
		6003F5AD195388D20070C39A /* MLN_Tests */ = {
			isa = PBXNativeTarget;
			buildConfigurationList = 6003F5C2195388D20070C39A /* Build configuration list for PBXNativeTarget "MLN_Tests" */;
			buildPhases = (
				CD649900956A4B50787A9D5F /* [CP] Check Pods Manifest.lock */,
				6003F5AA195388D20070C39A /* Sources */,
				6003F5AB195388D20070C39A /* Frameworks */,
				6003F5AC195388D20070C39A /* Resources */,
			);
			buildRules = (
			);
			dependencies = (
				6003F5B4195388D20070C39A /* PBXTargetDependency */,
			);
			name = MLN_Tests;
			productName = MLNTests;
			productReference = 6003F5AE195388D20070C39A /* MLN_Tests.xctest */;
			productType = "com.apple.product-type.bundle.unit-test";
		};
/* End PBXNativeTarget section */

/* Begin PBXProject section */
		6003F582195388D10070C39A /* Project object */ = {
			isa = PBXProject;
			attributes = {
				CLASSPREFIX = MLN;
				LastUpgradeCheck = 0720;
				ORGANIZATIONNAME = liu.xu_1586;
				TargetAttributes = {
					6003F589195388D20070C39A = {
						DevelopmentTeam = 36WT396TPZ;
						ProvisioningStyle = Manual;
					};
					6003F5AD195388D20070C39A = {
						TestTargetID = 6003F589195388D20070C39A;
					};
				};
			};
			buildConfigurationList = 6003F585195388D10070C39A /* Build configuration list for PBXProject "MLN" */;
			compatibilityVersion = "Xcode 3.2";
			developmentRegion = English;
			hasScannedForEncodings = 0;
			knownRegions = (
				English,
				en,
				Base,
			);
			mainGroup = 6003F581195388D10070C39A;
			productRefGroup = 6003F58B195388D20070C39A /* Products */;
			projectDirPath = "";
			projectRoot = "";
			targets = (
				6003F589195388D20070C39A /* MLN_Example */,
				6003F5AD195388D20070C39A /* MLN_Tests */,
			);
		};
/* End PBXProject section */

/* Begin PBXResourcesBuildPhase section */
		6003F588195388D20070C39A /* Resources */ = {
			isa = PBXResourcesBuildPhase;
			buildActionMask = 2147483647;
			files = (
				30A4EB55231CBF7900995416 /* moment in Resources */,
				30CB3BFB23684CD400AB90C6 /* MLN.podspec in Resources */,
				873B8AEB1B1F5CCA007FD442 /* Main.storyboard in Resources */,
				30CB3BF923684B7F00AB90C6 /* MLNDevTool.podspec in Resources */,
				71719F9F1E33DC2100824A3D /* LaunchScreen.storyboard in Resources */,
				6003F5A9195388D20070C39A /* Images.xcassets in Resources */,
				6003F598195388D20070C39A /* InfoPlist.strings in Resources */,
				B2D0AB85236C1F0A00B1D349 /* gallery in Resources */,
			);
			runOnlyForDeploymentPostprocessing = 0;
		};
		6003F5AC195388D20070C39A /* Resources */ = {
			isa = PBXResourcesBuildPhase;
			buildActionMask = 2147483647;
			files = (
				6003F5BA195388D20070C39A /* InfoPlist.strings in Resources */,
			);
			runOnlyForDeploymentPostprocessing = 0;
		};
/* End PBXResourcesBuildPhase section */

/* Begin PBXShellScriptBuildPhase section */
		58850F41C2B4222942A33A73 /* [CP] Copy Pods Resources */ = {
			isa = PBXShellScriptBuildPhase;
			buildActionMask = 2147483647;
			files = (
			);
			inputPaths = (
				"${PODS_ROOT}/Target Support Files/Pods-MLN_Example/Pods-MLN_Example-resources.sh",
				"${PODS_ROOT}/MJRefresh/MJRefresh/MJRefresh.bundle",
				"${PODS_CONFIGURATION_BUILD_DIR}/MLNDevTool/MLNDevTool_Util.bundle",
				"${PODS_CONFIGURATION_BUILD_DIR}/MLNDevTool/MLNDevTool_UI.bundle",
				"${PODS_CONFIGURATION_BUILD_DIR}/MLNDevTool/MLNDevTool_HotReload.bundle",
				"${PODS_CONFIGURATION_BUILD_DIR}/MLNDevTool/MLNDevTool_Offline.bundle",
			);
			name = "[CP] Copy Pods Resources";
			outputPaths = (
				"${TARGET_BUILD_DIR}/${UNLOCALIZED_RESOURCES_FOLDER_PATH}/MJRefresh.bundle",
				"${TARGET_BUILD_DIR}/${UNLOCALIZED_RESOURCES_FOLDER_PATH}/MLNDevTool_Util.bundle",
				"${TARGET_BUILD_DIR}/${UNLOCALIZED_RESOURCES_FOLDER_PATH}/MLNDevTool_UI.bundle",
				"${TARGET_BUILD_DIR}/${UNLOCALIZED_RESOURCES_FOLDER_PATH}/MLNDevTool_HotReload.bundle",
				"${TARGET_BUILD_DIR}/${UNLOCALIZED_RESOURCES_FOLDER_PATH}/MLNDevTool_Offline.bundle",
			);
			runOnlyForDeploymentPostprocessing = 0;
			shellPath = /bin/sh;
			shellScript = "\"${PODS_ROOT}/Target Support Files/Pods-MLN_Example/Pods-MLN_Example-resources.sh\"\n";
			showEnvVarsInLog = 0;
		};
		63C64F46C736492FFA2811DA /* [CP] Check Pods Manifest.lock */ = {
			isa = PBXShellScriptBuildPhase;
			buildActionMask = 2147483647;
			files = (
			);
			inputFileListPaths = (
			);
			inputPaths = (
				"${PODS_PODFILE_DIR_PATH}/Podfile.lock",
				"${PODS_ROOT}/Manifest.lock",
			);
			name = "[CP] Check Pods Manifest.lock";
			outputFileListPaths = (
			);
			outputPaths = (
				"$(DERIVED_FILE_DIR)/Pods-MLN_Example-checkManifestLockResult.txt",
			);
			runOnlyForDeploymentPostprocessing = 0;
			shellPath = /bin/sh;
			shellScript = "diff \"${PODS_PODFILE_DIR_PATH}/Podfile.lock\" \"${PODS_ROOT}/Manifest.lock\" > /dev/null\nif [ $? != 0 ] ; then\n    # print error to STDERR\n    echo \"error: The sandbox is not in sync with the Podfile.lock. Run 'pod install' or update your CocoaPods installation.\" >&2\n    exit 1\nfi\n# This output is used by Xcode 'outputs' to avoid re-running this script phase.\necho \"SUCCESS\" > \"${SCRIPT_OUTPUT_FILE_0}\"\n";
			showEnvVarsInLog = 0;
		};
		CD649900956A4B50787A9D5F /* [CP] Check Pods Manifest.lock */ = {
			isa = PBXShellScriptBuildPhase;
			buildActionMask = 2147483647;
			files = (
			);
			inputFileListPaths = (
			);
			inputPaths = (
				"${PODS_PODFILE_DIR_PATH}/Podfile.lock",
				"${PODS_ROOT}/Manifest.lock",
			);
			name = "[CP] Check Pods Manifest.lock";
			outputFileListPaths = (
			);
			outputPaths = (
				"$(DERIVED_FILE_DIR)/Pods-MLN_Tests-checkManifestLockResult.txt",
			);
			runOnlyForDeploymentPostprocessing = 0;
			shellPath = /bin/sh;
			shellScript = "diff \"${PODS_PODFILE_DIR_PATH}/Podfile.lock\" \"${PODS_ROOT}/Manifest.lock\" > /dev/null\nif [ $? != 0 ] ; then\n    # print error to STDERR\n    echo \"error: The sandbox is not in sync with the Podfile.lock. Run 'pod install' or update your CocoaPods installation.\" >&2\n    exit 1\nfi\n# This output is used by Xcode 'outputs' to avoid re-running this script phase.\necho \"SUCCESS\" > \"${SCRIPT_OUTPUT_FILE_0}\"\n";
			showEnvVarsInLog = 0;
		};
/* End PBXShellScriptBuildPhase section */

/* Begin PBXSourcesBuildPhase section */
		6003F586195388D20070C39A /* Sources */ = {
			isa = PBXSourcesBuildPhase;
			buildActionMask = 2147483647;
			files = (
				30A4EB5A231CC5CD00995416 /* MLNMyHttpHandler.m in Sources */,
				30E24E9422F3D74A00A0E78C /* MLNGlobalFuncTest.m in Sources */,
				30E24E9522F3D74A00A0E78C /* MLNStaticTest.m in Sources */,
				6003F59E195388D20070C39A /* MLNAppDelegate.m in Sources */,
				30A4EB60231CD75200995416 /* MLNMyRefreshHandler.m in Sources */,
				30A4EB5D231CC86B00995416 /* MLNMyImageHandler.m in Sources */,
				30E24E9622F3D74A00A0E78C /* MLNGlobalVarTest.m in Sources */,
				6003F5A7195388D20070C39A /* MLNViewController.m in Sources */,
				3012BB102326822F00FA2BB2 /* MLNNavigatorHandler.m in Sources */,
				6003F59A195388D20070C39A /* main.m in Sources */,
				30E24E9322F3D74A00A0E78C /* MLNTestMe.m in Sources */,
				30A4EB6D231F4FD400995416 /* MLNTestMe+Test.m in Sources */,
			);
			runOnlyForDeploymentPostprocessing = 0;
		};
		6003F5AA195388D20070C39A /* Sources */ = {
			isa = PBXSourcesBuildPhase;
			buildActionMask = 2147483647;
			files = (
				6003F5BC195388D20070C39A /* Tests.m in Sources */,
			);
			runOnlyForDeploymentPostprocessing = 0;
		};
/* End PBXSourcesBuildPhase section */

/* Begin PBXTargetDependency section */
		6003F5B4195388D20070C39A /* PBXTargetDependency */ = {
			isa = PBXTargetDependency;
			target = 6003F589195388D20070C39A /* MLN_Example */;
			targetProxy = 6003F5B3195388D20070C39A /* PBXContainerItemProxy */;
		};
/* End PBXTargetDependency section */

/* Begin PBXVariantGroup section */
		6003F596195388D20070C39A /* InfoPlist.strings */ = {
			isa = PBXVariantGroup;
			children = (
				6003F597195388D20070C39A /* en */,
			);
			name = InfoPlist.strings;
			sourceTree = "<group>";
		};
		6003F5B8195388D20070C39A /* InfoPlist.strings */ = {
			isa = PBXVariantGroup;
			children = (
				6003F5B9195388D20070C39A /* en */,
			);
			name = InfoPlist.strings;
			sourceTree = "<group>";
		};
		71719F9D1E33DC2100824A3D /* LaunchScreen.storyboard */ = {
			isa = PBXVariantGroup;
			children = (
				71719F9E1E33DC2100824A3D /* Base */,
			);
			name = LaunchScreen.storyboard;
			sourceTree = "<group>";
		};
/* End PBXVariantGroup section */

/* Begin XCBuildConfiguration section */
		6003F5BD195388D20070C39A /* Debug */ = {
			isa = XCBuildConfiguration;
			buildSettings = {
				ALWAYS_SEARCH_USER_PATHS = NO;
				CLANG_CXX_LANGUAGE_STANDARD = "gnu++0x";
				CLANG_CXX_LIBRARY = "libc++";
				CLANG_ENABLE_MODULES = YES;
				CLANG_ENABLE_OBJC_ARC = YES;
				CLANG_WARN_BOOL_CONVERSION = YES;
				CLANG_WARN_CONSTANT_CONVERSION = YES;
				CLANG_WARN_DIRECT_OBJC_ISA_USAGE = YES_ERROR;
				CLANG_WARN_EMPTY_BODY = YES;
				CLANG_WARN_ENUM_CONVERSION = YES;
				CLANG_WARN_INT_CONVERSION = YES;
				CLANG_WARN_OBJC_ROOT_CLASS = YES_ERROR;
				CLANG_WARN__DUPLICATE_METHOD_MATCH = YES;
				CODE_SIGN_IDENTITY = "iPhone Developer";
				COPY_PHASE_STRIP = NO;
				ENABLE_TESTABILITY = YES;
				GCC_C_LANGUAGE_STANDARD = gnu99;
				GCC_DYNAMIC_NO_PIC = NO;
				GCC_OPTIMIZATION_LEVEL = 0;
				GCC_PREPROCESSOR_DEFINITIONS = (
					"DEBUG=1",
					"$(inherited)",
				);
				GCC_SYMBOLS_PRIVATE_EXTERN = NO;
				GCC_WARN_64_TO_32_BIT_CONVERSION = YES;
				GCC_WARN_ABOUT_RETURN_TYPE = YES_ERROR;
				GCC_WARN_UNDECLARED_SELECTOR = YES;
				GCC_WARN_UNINITIALIZED_AUTOS = YES_AGGRESSIVE;
				GCC_WARN_UNUSED_FUNCTION = YES;
				GCC_WARN_UNUSED_VARIABLE = YES;
				IPHONEOS_DEPLOYMENT_TARGET = 9.3;
				ONLY_ACTIVE_ARCH = YES;
				SDKROOT = iphoneos;
				TARGETED_DEVICE_FAMILY = "1,2";
			};
			name = Debug;
		};
		6003F5BE195388D20070C39A /* Release */ = {
			isa = XCBuildConfiguration;
			buildSettings = {
				ALWAYS_SEARCH_USER_PATHS = NO;
				CLANG_CXX_LANGUAGE_STANDARD = "gnu++0x";
				CLANG_CXX_LIBRARY = "libc++";
				CLANG_ENABLE_MODULES = YES;
				CLANG_ENABLE_OBJC_ARC = YES;
				CLANG_WARN_BOOL_CONVERSION = YES;
				CLANG_WARN_CONSTANT_CONVERSION = YES;
				CLANG_WARN_DIRECT_OBJC_ISA_USAGE = YES_ERROR;
				CLANG_WARN_EMPTY_BODY = YES;
				CLANG_WARN_ENUM_CONVERSION = YES;
				CLANG_WARN_INT_CONVERSION = YES;
				CLANG_WARN_OBJC_ROOT_CLASS = YES_ERROR;
				CLANG_WARN__DUPLICATE_METHOD_MATCH = YES;
				CODE_SIGN_IDENTITY = "iPhone Distribution";
				COPY_PHASE_STRIP = YES;
				ENABLE_NS_ASSERTIONS = NO;
				GCC_C_LANGUAGE_STANDARD = gnu99;
				GCC_WARN_64_TO_32_BIT_CONVERSION = YES;
				GCC_WARN_ABOUT_RETURN_TYPE = YES_ERROR;
				GCC_WARN_UNDECLARED_SELECTOR = YES;
				GCC_WARN_UNINITIALIZED_AUTOS = YES_AGGRESSIVE;
				GCC_WARN_UNUSED_FUNCTION = YES;
				GCC_WARN_UNUSED_VARIABLE = YES;
				IPHONEOS_DEPLOYMENT_TARGET = 9.3;
				SDKROOT = iphoneos;
				TARGETED_DEVICE_FAMILY = "1,2";
				VALIDATE_PRODUCT = YES;
			};
			name = Release;
		};
		6003F5C0195388D20070C39A /* Debug */ = {
			isa = XCBuildConfiguration;
			baseConfigurationReference = F236AA5C6B666135B994F09B /* Pods-MLN_Example.debug.xcconfig */;
			buildSettings = {
				ASSETCATALOG_COMPILER_APPICON_NAME = AppIcon;
				CODE_SIGN_IDENTITY = "iPhone Developer";
				"CODE_SIGN_IDENTITY[sdk=*]" = "iPhone Developer";
				CODE_SIGN_STYLE = Manual;
				DEVELOPMENT_TEAM = 36WT396TPZ;
				GCC_PRECOMPILE_PREFIX_HEADER = YES;
				GCC_PREFIX_HEADER = "MLN/MLN-Prefix.pch";
				INFOPLIST_FILE = "MLN/MLN-Info.plist";
				MODULE_NAME = ExampleApp;
				PRODUCT_BUNDLE_IDENTIFIER = "org.cocoapods.demo.MMILua-Example";
				PRODUCT_NAME = "$(TARGET_NAME)";
				PROVISIONING_PROFILE_SPECIFIER = "Xcode iOS Wildcard";
				SWIFT_VERSION = 4.0;
				WRAPPER_EXTENSION = app;
			};
			name = Debug;
		};
		6003F5C1195388D20070C39A /* Release */ = {
			isa = XCBuildConfiguration;
			baseConfigurationReference = 0BFEA11F75FC7C356E75DFD6 /* Pods-MLN_Example.release.xcconfig */;
			buildSettings = {
				ASSETCATALOG_COMPILER_APPICON_NAME = AppIcon;
				CODE_SIGN_IDENTITY = "iPhone Distribution";
				CODE_SIGN_STYLE = Manual;
				DEVELOPMENT_TEAM = "";
				GCC_PRECOMPILE_PREFIX_HEADER = YES;
				GCC_PREFIX_HEADER = "MLN/MLN-Prefix.pch";
				INFOPLIST_FILE = "MLN/MLN-Info.plist";
				MODULE_NAME = ExampleApp;
				PRODUCT_BUNDLE_IDENTIFIER = "org.cocoapods.demo.MMILua-Example";
				PRODUCT_NAME = "$(TARGET_NAME)";
				PROVISIONING_PROFILE_SPECIFIER = "";
				SWIFT_VERSION = 4.0;
				WRAPPER_EXTENSION = app;
			};
			name = Release;
		};
		6003F5C3195388D20070C39A /* Debug */ = {
			isa = XCBuildConfiguration;
			baseConfigurationReference = 6ABC029A38FCC0A39C207FA6 /* Pods-MLN_Tests.debug.xcconfig */;
			buildSettings = {
				BUNDLE_LOADER = "$(TEST_HOST)";
				FRAMEWORK_SEARCH_PATHS = (
					"$(PLATFORM_DIR)/Developer/Library/Frameworks",
					"$(inherited)",
					"$(DEVELOPER_FRAMEWORKS_DIR)",
				);
				GCC_PRECOMPILE_PREFIX_HEADER = YES;
				GCC_PREFIX_HEADER = "Tests/Tests-Prefix.pch";
				GCC_PREPROCESSOR_DEFINITIONS = (
					"DEBUG=1",
					"$(inherited)",
				);
				INFOPLIST_FILE = "Tests/Tests-Info.plist";
				PRODUCT_BUNDLE_IDENTIFIER = "org.cocoapods.demo.${PRODUCT_NAME:rfc1034identifier}";
				PRODUCT_NAME = "$(TARGET_NAME)";
				SWIFT_VERSION = 4.0;
				TEST_HOST = "$(BUILT_PRODUCTS_DIR)/MLN_Example.app/MLN_Example";
				WRAPPER_EXTENSION = xctest;
			};
			name = Debug;
		};
		6003F5C4195388D20070C39A /* Release */ = {
			isa = XCBuildConfiguration;
			baseConfigurationReference = 614D6372A3D812E53BAA054F /* Pods-MLN_Tests.release.xcconfig */;
			buildSettings = {
				BUNDLE_LOADER = "$(TEST_HOST)";
				FRAMEWORK_SEARCH_PATHS = (
					"$(PLATFORM_DIR)/Developer/Library/Frameworks",
					"$(inherited)",
					"$(DEVELOPER_FRAMEWORKS_DIR)",
				);
				GCC_PRECOMPILE_PREFIX_HEADER = YES;
				GCC_PREFIX_HEADER = "Tests/Tests-Prefix.pch";
				INFOPLIST_FILE = "Tests/Tests-Info.plist";
				PRODUCT_BUNDLE_IDENTIFIER = "org.cocoapods.demo.${PRODUCT_NAME:rfc1034identifier}";
				PRODUCT_NAME = "$(TARGET_NAME)";
				SWIFT_VERSION = 4.0;
				TEST_HOST = "$(BUILT_PRODUCTS_DIR)/MLN_Example.app/MLN_Example";
				WRAPPER_EXTENSION = xctest;
			};
			name = Release;
		};
/* End XCBuildConfiguration section */

/* Begin XCConfigurationList section */
		6003F585195388D10070C39A /* Build configuration list for PBXProject "MLN" */ = {
			isa = XCConfigurationList;
			buildConfigurations = (
				6003F5BD195388D20070C39A /* Debug */,
				6003F5BE195388D20070C39A /* Release */,
			);
			defaultConfigurationIsVisible = 0;
			defaultConfigurationName = Release;
		};
		6003F5BF195388D20070C39A /* Build configuration list for PBXNativeTarget "MLN_Example" */ = {
			isa = XCConfigurationList;
			buildConfigurations = (
				6003F5C0195388D20070C39A /* Debug */,
				6003F5C1195388D20070C39A /* Release */,
			);
			defaultConfigurationIsVisible = 0;
			defaultConfigurationName = Release;
		};
		6003F5C2195388D20070C39A /* Build configuration list for PBXNativeTarget "MLN_Tests" */ = {
			isa = XCConfigurationList;
			buildConfigurations = (
				6003F5C3195388D20070C39A /* Debug */,
				6003F5C4195388D20070C39A /* Release */,
			);
			defaultConfigurationIsVisible = 0;
			defaultConfigurationName = Release;
		};
/* End XCConfigurationList section */
	};
	rootObject = 6003F582195388D10070C39A /* Project object */;
}
